// !$*UTF8*$!
{
	archiveVersion = 1;
	classes = {
	};
	objectVersion = 56;
	objects = {

/* Begin PBXBuildFile section */
		6227C4E569E86338EDB19EDD /* Pods_LowcostsPriceAnalyzer.framework in Frameworks */ = {isa = PBXBuildFile; fileRef = F9020FA0B0922B63AA43A727 /* Pods_LowcostsPriceAnalyzer.framework */; };
		793FC1ED2970B2CF00592D32 /* AppDelegate.swift in Sources */ = {isa = PBXBuildFile; fileRef = 793FC1EC2970B2CF00592D32 /* AppDelegate.swift */; };
		793FC1F12970B2CF00592D32 /* ViewController.swift in Sources */ = {isa = PBXBuildFile; fileRef = 793FC1F02970B2CF00592D32 /* ViewController.swift */; };
		793FC1F42970B2CF00592D32 /* Main.storyboard in Resources */ = {isa = PBXBuildFile; fileRef = 793FC1F22970B2CF00592D32 /* Main.storyboard */; };
		793FC1F62970B2D000592D32 /* Assets.xcassets in Resources */ = {isa = PBXBuildFile; fileRef = 793FC1F52970B2D000592D32 /* Assets.xcassets */; };
		793FC1F92970B2D000592D32 /* LaunchScreen.storyboard in Resources */ = {isa = PBXBuildFile; fileRef = 793FC1F72970B2D000592D32 /* LaunchScreen.storyboard */; };
/* End PBXBuildFile section */

/* Begin PBXFileReference section */
		3FE08B13AE56955A16B89078 /* Pods-LowcostsPriceAnalyzer.debug.xcconfig */ = {isa = PBXFileReference; includeInIndex = 1; lastKnownFileType = text.xcconfig; name = "Pods-LowcostsPriceAnalyzer.debug.xcconfig"; path = "Target Support Files/Pods-LowcostsPriceAnalyzer/Pods-LowcostsPriceAnalyzer.debug.xcconfig"; sourceTree = "<group>"; };
		793FC1E92970B2CF00592D32 /* LowcostsPriceAnalyzer.app */ = {isa = PBXFileReference; explicitFileType = wrapper.application; includeInIndex = 0; path = LowcostsPriceAnalyzer.app; sourceTree = BUILT_PRODUCTS_DIR; };
		793FC1EC2970B2CF00592D32 /* AppDelegate.swift */ = {isa = PBXFileReference; lastKnownFileType = sourcecode.swift; path = AppDelegate.swift; sourceTree = "<group>"; };
		793FC1F02970B2CF00592D32 /* ViewController.swift */ = {isa = PBXFileReference; lastKnownFileType = sourcecode.swift; path = ViewController.swift; sourceTree = "<group>"; };
		793FC1F32970B2CF00592D32 /* Base */ = {isa = PBXFileReference; lastKnownFileType = file.storyboard; name = Base; path = Base.lproj/Main.storyboard; sourceTree = "<group>"; };
		793FC1F52970B2D000592D32 /* Assets.xcassets */ = {isa = PBXFileReference; lastKnownFileType = folder.assetcatalog; path = Assets.xcassets; sourceTree = "<group>"; };
		793FC1F82970B2D000592D32 /* Base */ = {isa = PBXFileReference; lastKnownFileType = file.storyboard; name = Base; path = Base.lproj/LaunchScreen.storyboard; sourceTree = "<group>"; };
		793FC1FA2970B2D000592D32 /* Info.plist */ = {isa = PBXFileReference; lastKnownFileType = text.plist.xml; path = Info.plist; sourceTree = "<group>"; };
		A36AEC9F1163A7DBC314B909 /* Pods-LowcostsPriceAnalyzer.release.xcconfig */ = {isa = PBXFileReference; includeInIndex = 1; lastKnownFileType = text.xcconfig; name = "Pods-LowcostsPriceAnalyzer.release.xcconfig"; path = "Target Support Files/Pods-LowcostsPriceAnalyzer/Pods-LowcostsPriceAnalyzer.release.xcconfig"; sourceTree = "<group>"; };
		F9020FA0B0922B63AA43A727 /* Pods_LowcostsPriceAnalyzer.framework */ = {isa = PBXFileReference; explicitFileType = wrapper.framework; includeInIndex = 0; path = Pods_LowcostsPriceAnalyzer.framework; sourceTree = BUILT_PRODUCTS_DIR; };
/* End PBXFileReference section */

/* Begin PBXFrameworksBuildPhase section */
		793FC1E62970B2CF00592D32 /* Frameworks */ = {
			isa = PBXFrameworksBuildPhase;
			buildActionMask = 2147483647;
			files = (
				6227C4E569E86338EDB19EDD /* Pods_LowcostsPriceAnalyzer.framework in Frameworks */,
			);
			runOnlyForDeploymentPostprocessing = 0;
		};
/* End PBXFrameworksBuildPhase section */

/* Begin PBXGroup section */
		793FC1E02970B2CF00592D32 = {
			isa = PBXGroup;
			children = (
				793FC1EB2970B2CF00592D32 /* LowcostsPriceAnalyzer */,
				793FC1EA2970B2CF00592D32 /* Products */,
				C11AC02D1E33CD172CE50BD1 /* Pods */,
				B53E2995435A0858CB58808C /* Frameworks */,
			);
			sourceTree = "<group>";
		};
		793FC1EA2970B2CF00592D32 /* Products */ = {
			isa = PBXGroup;
			children = (
				793FC1E92970B2CF00592D32 /* LowcostsPriceAnalyzer.app */,
			);
			name = Products;
			sourceTree = "<group>";
		};
		793FC1EB2970B2CF00592D32 /* LowcostsPriceAnalyzer */ = {
			isa = PBXGroup;
			children = (
				79A83DD02970BB1D009699A6 /* Application */,
				793FC1F02970B2CF00592D32 /* ViewController.swift */,
				793FC1F22970B2CF00592D32 /* Main.storyboard */,
				793FC1F52970B2D000592D32 /* Assets.xcassets */,
				793FC1F72970B2D000592D32 /* LaunchScreen.storyboard */,
				793FC1FA2970B2D000592D32 /* Info.plist */,
			);
			path = LowcostsPriceAnalyzer;
			sourceTree = "<group>";
		};
		79A83DD02970BB1D009699A6 /* Application */ = {
			isa = PBXGroup;
			children = (
				793FC1EC2970B2CF00592D32 /* AppDelegate.swift */,
			);
			path = Application;
			sourceTree = "<group>";
		};
		B53E2995435A0858CB58808C /* Frameworks */ = {
			isa = PBXGroup;
			children = (
				F9020FA0B0922B63AA43A727 /* Pods_LowcostsPriceAnalyzer.framework */,
			);
			name = Frameworks;
			sourceTree = "<group>";
		};
		C11AC02D1E33CD172CE50BD1 /* Pods */ = {
			isa = PBXGroup;
			children = (
				3FE08B13AE56955A16B89078 /* Pods-LowcostsPriceAnalyzer.debug.xcconfig */,
				A36AEC9F1163A7DBC314B909 /* Pods-LowcostsPriceAnalyzer.release.xcconfig */,
			);
			path = Pods;
			sourceTree = "<group>";
		};
/* End PBXGroup section */

/* Begin PBXNativeTarget section */
		793FC1E82970B2CF00592D32 /* LowcostsPriceAnalyzer */ = {
			isa = PBXNativeTarget;
			buildConfigurationList = 793FC1FD2970B2D000592D32 /* Build configuration list for PBXNativeTarget "LowcostsPriceAnalyzer" */;
			buildPhases = (
				FD57C2C1385594D47DF07AAC /* [CP] Check Pods Manifest.lock */,
				793FC1E52970B2CF00592D32 /* Sources */,
				793FC1E62970B2CF00592D32 /* Frameworks */,
				793FC1E72970B2CF00592D32 /* Resources */,
			);
			buildRules = (
			);
			dependencies = (
			);
			name = LowcostsPriceAnalyzer;
			productName = LowcostsPriceAnalyzer;
			productReference = 793FC1E92970B2CF00592D32 /* LowcostsPriceAnalyzer.app */;
			productType = "com.apple.product-type.application";
		};
/* End PBXNativeTarget section */

/* Begin PBXProject section */
		793FC1E12970B2CF00592D32 /* Project object */ = {
			isa = PBXProject;
			attributes = {
				BuildIndependentTargetsInParallel = 1;
				LastSwiftUpdateCheck = 1410;
				LastUpgradeCheck = 1410;
				TargetAttributes = {
					793FC1E82970B2CF00592D32 = {
						CreatedOnToolsVersion = 14.1;
					};
				};
			};
			buildConfigurationList = 793FC1E42970B2CF00592D32 /* Build configuration list for PBXProject "LowcostsPriceAnalyzer" */;
			compatibilityVersion = "Xcode 14.0";
			developmentRegion = en;
			hasScannedForEncodings = 0;
			knownRegions = (
				en,
				Base,
			);
			mainGroup = 793FC1E02970B2CF00592D32;
			productRefGroup = 793FC1EA2970B2CF00592D32 /* Products */;
			projectDirPath = "";
			projectRoot = "";
			targets = (
				793FC1E82970B2CF00592D32 /* LowcostsPriceAnalyzer */,
			);
		};
/* End PBXProject section */

/* Begin PBXResourcesBuildPhase section */
		793FC1E72970B2CF00592D32 /* Resources */ = {
			isa = PBXResourcesBuildPhase;
			buildActionMask = 2147483647;
			files = (
				793FC1F92970B2D000592D32 /* LaunchScreen.storyboard in Resources */,
				793FC1F62970B2D000592D32 /* Assets.xcassets in Resources */,
				793FC1F42970B2CF00592D32 /* Main.storyboard in Resources */,
			);
			runOnlyForDeploymentPostprocessing = 0;
		};
/* End PBXResourcesBuildPhase section */

/* Begin PBXShellScriptBuildPhase section */
		FD57C2C1385594D47DF07AAC /* [CP] Check Pods Manifest.lock */ = {
			isa = PBXShellScriptBuildPhase;
			buildActionMask = 2147483647;
			files = (
			);
			inputFileListPaths = (
			);
			inputPaths = (
				"${PODS_PODFILE_DIR_PATH}/Podfile.lock",
				"${PODS_ROOT}/Manifest.lock",
			);
			name = "[CP] Check Pods Manifest.lock";
			outputFileListPaths = (
			);
			outputPaths = (
				"$(DERIVED_FILE_DIR)/Pods-LowcostsPriceAnalyzer-checkManifestLockResult.txt",
			);
			runOnlyForDeploymentPostprocessing = 0;
			shellPath = /bin/sh;
			shellScript = "diff \"${PODS_PODFILE_DIR_PATH}/Podfile.lock\" \"${PODS_ROOT}/Manifest.lock\" > /dev/null\nif [ $? != 0 ] ; then\n    # print error to STDERR\n    echo \"error: The sandbox is not in sync with the Podfile.lock. Run 'pod install' or update your CocoaPods installation.\" >&2\n    exit 1\nfi\n# This output is used by Xcode 'outputs' to avoid re-running this script phase.\necho \"SUCCESS\" > \"${SCRIPT_OUTPUT_FILE_0}\"\n";
			showEnvVarsInLog = 0;
		};
/* End PBXShellScriptBuildPhase section */

/* Begin PBXSourcesBuildPhase section */
		793FC1E52970B2CF00592D32 /* Sources */ = {
			isa = PBXSourcesBuildPhase;
			buildActionMask = 2147483647;
			files = (
				793FC1F12970B2CF00592D32 /* ViewController.swift in Sources */,
				793FC1ED2970B2CF00592D32 /* AppDelegate.swift in Sources */,
			);
			runOnlyForDeploymentPostprocessing = 0;
		};
/* End PBXSourcesBuildPhase section */

/* Begin PBXVariantGroup section */
		793FC1F22970B2CF00592D32 /* Main.storyboard */ = {
			isa = PBXVariantGroup;
			children = (
				793FC1F32970B2CF00592D32 /* Base */,
			);
			name = Main.storyboard;
			sourceTree = "<group>";
		};
		793FC1F72970B2D000592D32 /* LaunchScreen.storyboard */ = {
			isa = PBXVariantGroup;
			children = (
				793FC1F82970B2D000592D32 /* Base */,
			);
			name = LaunchScreen.storyboard;
			sourceTree = "<group>";
		};
/* End PBXVariantGroup section */

/* Begin XCBuildConfiguration section */
		793FC1FB2970B2D000592D32 /* Debug */ = {
			isa = XCBuildConfiguration;
			buildSettings = {
				ALWAYS_SEARCH_USER_PATHS = NO;
				CLANG_ANALYZER_NONNULL = YES;
				CLANG_ANALYZER_NUMBER_OBJECT_CONVERSION = YES_AGGRESSIVE;
				CLANG_CXX_LANGUAGE_STANDARD = "gnu++20";
				CLANG_ENABLE_MODULES = YES;
				CLANG_ENABLE_OBJC_ARC = YES;
				CLANG_ENABLE_OBJC_WEAK = YES;
				CLANG_WARN_BLOCK_CAPTURE_AUTORELEASING = YES;
				CLANG_WARN_BOOL_CONVERSION = YES;
				CLANG_WARN_COMMA = YES;
				CLANG_WARN_CONSTANT_CONVERSION = YES;
				CLANG_WARN_DEPRECATED_OBJC_IMPLEMENTATIONS = YES;
				CLANG_WARN_DIRECT_OBJC_ISA_USAGE = YES_ERROR;
				CLANG_WARN_DOCUMENTATION_COMMENTS = YES;
				CLANG_WARN_EMPTY_BODY = YES;
				CLANG_WARN_ENUM_CONVERSION = YES;
				CLANG_WARN_INFINITE_RECURSION = YES;
				CLANG_WARN_INT_CONVERSION = YES;
				CLANG_WARN_NON_LITERAL_NULL_CONVERSION = YES;
				CLANG_WARN_OBJC_IMPLICIT_RETAIN_SELF = YES;
				CLANG_WARN_OBJC_LITERAL_CONVERSION = YES;
				CLANG_WARN_OBJC_ROOT_CLASS = YES_ERROR;
				CLANG_WARN_QUOTED_INCLUDE_IN_FRAMEWORK_HEADER = YES;
				CLANG_WARN_RANGE_LOOP_ANALYSIS = YES;
				CLANG_WARN_STRICT_PROTOTYPES = YES;
				CLANG_WARN_SUSPICIOUS_MOVE = YES;
				CLANG_WARN_UNGUARDED_AVAILABILITY = YES_AGGRESSIVE;
				CLANG_WARN_UNREACHABLE_CODE = YES;
				CLANG_WARN__DUPLICATE_METHOD_MATCH = YES;
				COPY_PHASE_STRIP = NO;
				DEBUG_INFORMATION_FORMAT = dwarf;
				ENABLE_STRICT_OBJC_MSGSEND = YES;
				ENABLE_TESTABILITY = YES;
				GCC_C_LANGUAGE_STANDARD = gnu11;
				GCC_DYNAMIC_NO_PIC = NO;
				GCC_NO_COMMON_BLOCKS = YES;
				GCC_OPTIMIZATION_LEVEL = 0;
				GCC_PREPROCESSOR_DEFINITIONS = (
					"DEBUG=1",
					"$(inherited)",
				);
				GCC_WARN_64_TO_32_BIT_CONVERSION = YES;
				GCC_WARN_ABOUT_RETURN_TYPE = YES_ERROR;
				GCC_WARN_UNDECLARED_SELECTOR = YES;
				GCC_WARN_UNINITIALIZED_AUTOS = YES_AGGRESSIVE;
				GCC_WARN_UNUSED_FUNCTION = YES;
				GCC_WARN_UNUSED_VARIABLE = YES;
				IPHONEOS_DEPLOYMENT_TARGET = 16.1;
				MTL_ENABLE_DEBUG_INFO = INCLUDE_SOURCE;
				MTL_FAST_MATH = YES;
				ONLY_ACTIVE_ARCH = YES;
				SDKROOT = iphoneos;
				SWIFT_ACTIVE_COMPILATION_CONDITIONS = DEBUG;
				SWIFT_OPTIMIZATION_LEVEL = "-Onone";
			};
			name = Debug;
		};
		793FC1FC2970B2D000592D32 /* Release */ = {
			isa = XCBuildConfiguration;
			buildSettings = {
				ALWAYS_SEARCH_USER_PATHS = NO;
				CLANG_ANALYZER_NONNULL = YES;
				CLANG_ANALYZER_NUMBER_OBJECT_CONVERSION = YES_AGGRESSIVE;
				CLANG_CXX_LANGUAGE_STANDARD = "gnu++20";
				CLANG_ENABLE_MODULES = YES;
				CLANG_ENABLE_OBJC_ARC = YES;
				CLANG_ENABLE_OBJC_WEAK = YES;
				CLANG_WARN_BLOCK_CAPTURE_AUTORELEASING = YES;
				CLANG_WARN_BOOL_CONVERSION = YES;
				CLANG_WARN_COMMA = YES;
				CLANG_WARN_CONSTANT_CONVERSION = YES;
				CLANG_WARN_DEPRECATED_OBJC_IMPLEMENTATIONS = YES;
				CLANG_WARN_DIRECT_OBJC_ISA_USAGE = YES_ERROR;
				CLANG_WARN_DOCUMENTATION_COMMENTS = YES;
				CLANG_WARN_EMPTY_BODY = YES;
				CLANG_WARN_ENUM_CONVERSION = YES;
				CLANG_WARN_INFINITE_RECURSION = YES;
				CLANG_WARN_INT_CONVERSION = YES;
				CLANG_WARN_NON_LITERAL_NULL_CONVERSION = YES;
				CLANG_WARN_OBJC_IMPLICIT_RETAIN_SELF = YES;
				CLANG_WARN_OBJC_LITERAL_CONVERSION = YES;
				CLANG_WARN_OBJC_ROOT_CLASS = YES_ERROR;
				CLANG_WARN_QUOTED_INCLUDE_IN_FRAMEWORK_HEADER = YES;
				CLANG_WARN_RANGE_LOOP_ANALYSIS = YES;
				CLANG_WARN_STRICT_PROTOTYPES = YES;
				CLANG_WARN_SUSPICIOUS_MOVE = YES;
				CLANG_WARN_UNGUARDED_AVAILABILITY = YES_AGGRESSIVE;
				CLANG_WARN_UNREACHABLE_CODE = YES;
				CLANG_WARN__DUPLICATE_METHOD_MATCH = YES;
				COPY_PHASE_STRIP = NO;
				DEBUG_INFORMATION_FORMAT = "dwarf-with-dsym";
				ENABLE_NS_ASSERTIONS = NO;
				ENABLE_STRICT_OBJC_MSGSEND = YES;
				GCC_C_LANGUAGE_STANDARD = gnu11;
				GCC_NO_COMMON_BLOCKS = YES;
				GCC_WARN_64_TO_32_BIT_CONVERSION = YES;
				GCC_WARN_ABOUT_RETURN_TYPE = YES_ERROR;
				GCC_WARN_UNDECLARED_SELECTOR = YES;
				GCC_WARN_UNINITIALIZED_AUTOS = YES_AGGRESSIVE;
				GCC_WARN_UNUSED_FUNCTION = YES;
				GCC_WARN_UNUSED_VARIABLE = YES;
				IPHONEOS_DEPLOYMENT_TARGET = 16.1;
				MTL_ENABLE_DEBUG_INFO = NO;
				MTL_FAST_MATH = YES;
				SDKROOT = iphoneos;
				SWIFT_COMPILATION_MODE = wholemodule;
				SWIFT_OPTIMIZATION_LEVEL = "-O";
				VALIDATE_PRODUCT = YES;
			};
			name = Release;
		};
		793FC1FE2970B2D000592D32 /* Debug */ = {
			isa = XCBuildConfiguration;
			baseConfigurationReference = 3FE08B13AE56955A16B89078 /* Pods-LowcostsPriceAnalyzer.debug.xcconfig */;
			buildSettings = {
				ASSETCATALOG_COMPILER_APPICON_NAME = AppIcon;
				ASSETCATALOG_COMPILER_GLOBAL_ACCENT_COLOR_NAME = AccentColor;
				CODE_SIGN_STYLE = Automatic;
				CURRENT_PROJECT_VERSION = 1;
				DEVELOPMENT_TEAM = 827L45VHZ5;
				GENERATE_INFOPLIST_FILE = YES;
				INFOPLIST_FILE = LowcostsPriceAnalyzer/Info.plist;
				INFOPLIST_KEY_LSApplicationCategoryType = "public.app-category.travel";
				INFOPLIST_KEY_UIApplicationSupportsIndirectInputEvents = YES;
				INFOPLIST_KEY_UILaunchStoryboardName = "";
				INFOPLIST_KEY_UIMainStoryboardFile = Main;
				INFOPLIST_KEY_UISupportedInterfaceOrientations = UIInterfaceOrientationPortrait;
				IPHONEOS_DEPLOYMENT_TARGET = 15.0;
				LD_RUNPATH_SEARCH_PATHS = (
					"$(inherited)",
					"@executable_path/Frameworks",
				);
				MARKETING_VERSION = 1.0;
				PRODUCT_BUNDLE_IDENTIFIER = com.mrakhleev.LowcostsPriceAnalyzer;
				PRODUCT_NAME = "$(TARGET_NAME)";
				SWIFT_EMIT_LOC_STRINGS = YES;
				SWIFT_VERSION = 5.0;
				TARGETED_DEVICE_FAMILY = "1,2";
			};
			name = Debug;
		};
		793FC1FF2970B2D000592D32 /* Release */ = {
			isa = XCBuildConfiguration;
			baseConfigurationReference = A36AEC9F1163A7DBC314B909 /* Pods-LowcostsPriceAnalyzer.release.xcconfig */;
			buildSettings = {
				ASSETCATALOG_COMPILER_APPICON_NAME = AppIcon;
				ASSETCATALOG_COMPILER_GLOBAL_ACCENT_COLOR_NAME = AccentColor;
				CODE_SIGN_STYLE = Automatic;
				CURRENT_PROJECT_VERSION = 1;
				DEVELOPMENT_TEAM = 827L45VHZ5;
				GENERATE_INFOPLIST_FILE = YES;
				INFOPLIST_FILE = LowcostsPriceAnalyzer/Info.plist;
				INFOPLIST_KEY_LSApplicationCategoryType = "public.app-category.travel";
				INFOPLIST_KEY_UIApplicationSupportsIndirectInputEvents = YES;
				INFOPLIST_KEY_UILaunchStoryboardName = "";
				INFOPLIST_KEY_UIMainStoryboardFile = Main;
				INFOPLIST_KEY_UISupportedInterfaceOrientations = UIInterfaceOrientationPortrait;
				IPHONEOS_DEPLOYMENT_TARGET = 15.0;
				LD_RUNPATH_SEARCH_PATHS = (
					"$(inherited)",
					"@executable_path/Frameworks",
				);
				MARKETING_VERSION = 1.0;
				PRODUCT_BUNDLE_IDENTIFIER = com.mrakhleev.LowcostsPriceAnalyzer;
				PRODUCT_NAME = "$(TARGET_NAME)";
				SWIFT_EMIT_LOC_STRINGS = YES;
				SWIFT_VERSION = 5.0;
				TARGETED_DEVICE_FAMILY = "1,2";
			};
			name = Release;
		};
/* End XCBuildConfiguration section */

/* Begin XCConfigurationList section */
		793FC1E42970B2CF00592D32 /* Build configuration list for PBXProject "LowcostsPriceAnalyzer" */ = {
			isa = XCConfigurationList;
			buildConfigurations = (
				793FC1FB2970B2D000592D32 /* Debug */,
				793FC1FC2970B2D000592D32 /* Release */,
			);
			defaultConfigurationIsVisible = 0;
			defaultConfigurationName = Release;
		};
		793FC1FD2970B2D000592D32 /* Build configuration list for PBXNativeTarget "LowcostsPriceAnalyzer" */ = {
			isa = XCConfigurationList;
			buildConfigurations = (
				793FC1FE2970B2D000592D32 /* Debug */,
				793FC1FF2970B2D000592D32 /* Release */,
			);
			defaultConfigurationIsVisible = 0;
			defaultConfigurationName = Release;
		};
/* End XCConfigurationList section */
	};
	rootObject = 793FC1E12970B2CF00592D32 /* Project object */;
}
